
Microsoft Visual Studio Solution File, Format Version 12.00
# Visual Studio 14
VisualStudioVersion = 14.0.25420.1
MinimumVisualStudioVersion = 10.0.40219.1
Project("{888888A0-9F3D-457C-B088-3A5042F75D52}") = "LiveBusTimes", "LiveBusTimes\LiveBusTimes.pyproj", "{DABAA974-6EE4-4D22-A424-A01A4D74D1A5}"
EndProject
Global
	GlobalSection(SolutionConfigurationPlatforms) = preSolution
		Debug|Any CPU = Debug|Any CPU
		Release|Any CPU = Release|Any CPU
	EndGlobalSection
	GlobalSection(ProjectConfigurationPlatforms) = postSolution
		{DABAA974-6EE4-4D22-A424-A01A4D74D1A5}.Debug|Any CPU.ActiveCfg = Debug|Any CPU
		{DABAA974-6EE4-4D22-A424-A01A4D74D1A5}.Debug|Any CPU.Build.0 = Debug|Any CPU
		{DABAA974-6EE4-4D22-A424-A01A4D74D1A5}.Release|Any CPU.ActiveCfg = Release|Any CPU
		{DABAA974-6EE4-4D22-A424-A01A4D74D1A5}.Release|Any CPU.Build.0 = Release|Any CPU
	EndGlobalSection
	GlobalSection(SolutionProperties) = preSolution
		HideSolutionNode = FALSE
	EndGlobalSection
EndGlobal
